
Microsoft Visual Studio Solution File, Format Version 12.00
# Visual Studio Version 17
VisualStudioVersion = 17.0.31903.59
MinimumVisualStudioVersion = 10.0.40219.1
Project("{2150E333-8FDC-42A3-9474-1A3956D46DE8}") = "src", "src", "{A648B217-31EE-4217-BED2-B7C2E7E9966D}"
EndProject
Project("{FAE04EC0-301F-11D3-BF4B-00C04F79EFBC}") = "WebApp001", "src\WebApp001\WebApp001.csproj", "{FA65C84F-4C50-4180-9684-4A43B261484C}"
EndProject
Project("{2150E333-8FDC-42A3-9474-1A3956D46DE8}") = "tests", "tests", "{9244B8F7-C60D-4FE1-80FB-0F9C83228B1E}"
EndProject
Project("{FAE04EC0-301F-11D3-BF4B-00C04F79EFBC}") = "WebApp001.Tests", "tests\WebApp001.Tests\WebApp001.Tests.csproj", "{F207C745-E2C9-40E2-9787-A5FB82FFE055}"
EndProject
Global
	GlobalSection(SolutionConfigurationPlatforms) = preSolution
		Debug|Any CPU = Debug|Any CPU
		Release|Any CPU = Release|Any CPU
	EndGlobalSection
	GlobalSection(SolutionProperties) = preSolution
		HideSolutionNode = FALSE
	EndGlobalSection
	GlobalSection(ProjectConfigurationPlatforms) = postSolution
		{FA65C84F-4C50-4180-9684-4A43B261484C}.Debug|Any CPU.ActiveCfg = Debug|Any CPU
		{FA65C84F-4C50-4180-9684-4A43B261484C}.Debug|Any CPU.Build.0 = Debug|Any CPU
		{FA65C84F-4C50-4180-9684-4A43B261484C}.Release|Any CPU.ActiveCfg = Release|Any CPU
		{FA65C84F-4C50-4180-9684-4A43B261484C}.Release|Any CPU.Build.0 = Release|Any CPU
		{F207C745-E2C9-40E2-9787-A5FB82FFE055}.Debug|Any CPU.ActiveCfg = Debug|Any CPU
		{F207C745-E2C9-40E2-9787-A5FB82FFE055}.Debug|Any CPU.Build.0 = Debug|Any CPU
		{F207C745-E2C9-40E2-9787-A5FB82FFE055}.Release|Any CPU.ActiveCfg = Release|Any CPU
		{F207C745-E2C9-40E2-9787-A5FB82FFE055}.Release|Any CPU.Build.0 = Release|Any CPU
	EndGlobalSection
	GlobalSection(NestedProjects) = preSolution
		{FA65C84F-4C50-4180-9684-4A43B261484C} = {A648B217-31EE-4217-BED2-B7C2E7E9966D}
		{F207C745-E2C9-40E2-9787-A5FB82FFE055} = {9244B8F7-C60D-4FE1-80FB-0F9C83228B1E}
	EndGlobalSection
EndGlobal
